// !$*UTF8*$!
{
	archiveVersion = 1;
	classes = {
	};
	objectVersion = 46;
	objects = {

/* Begin PBXBuildFile section */
		93E252E41A4283B0006CD452 /* main.m in Sources */ = {isa = PBXBuildFile; fileRef = 93E252E31A4283B0006CD452 /* main.m */; };
		93E252E71A4283B0006CD452 /* AppDelegate.m in Sources */ = {isa = PBXBuildFile; fileRef = 93E252E61A4283B0006CD452 /* AppDelegate.m */; };
		93E252EA1A4283B0006CD452 /* ViewController.m in Sources */ = {isa = PBXBuildFile; fileRef = 93E252E91A4283B0006CD452 /* ViewController.m */; };
		93E252ED1A4283B0006CD452 /* Main.storyboard in Resources */ = {isa = PBXBuildFile; fileRef = 93E252EB1A4283B0006CD452 /* Main.storyboard */; };
		93E252EF1A4283B0006CD452 /* Images.xcassets in Resources */ = {isa = PBXBuildFile; fileRef = 93E252EE1A4283B0006CD452 /* Images.xcassets */; };
		93E252F21A4283B0006CD452 /* LaunchScreen.xib in Resources */ = {isa = PBXBuildFile; fileRef = 93E252F01A4283B0006CD452 /* LaunchScreen.xib */; };
		93E252FE1A4283B1006CD452 /* BlocstagramTests.m in Sources */ = {isa = PBXBuildFile; fileRef = 93E252FD1A4283B1006CD452 /* BlocstagramTests.m */; };
/* End PBXBuildFile section */

/* Begin PBXContainerItemProxy section */
		93E252F81A4283B1006CD452 /* PBXContainerItemProxy */ = {
			isa = PBXContainerItemProxy;
			containerPortal = 93E252D61A4283B0006CD452 /* Project object */;
			proxyType = 1;
			remoteGlobalIDString = 93E252DD1A4283B0006CD452;
			remoteInfo = Blocstagram;
		};
/* End PBXContainerItemProxy section */

/* Begin PBXFileReference section */
		93E252DE1A4283B0006CD452 /* Blocstagram.app */ = {isa = PBXFileReference; explicitFileType = wrapper.application; includeInIndex = 0; path = Blocstagram.app; sourceTree = BUILT_PRODUCTS_DIR; };
		93E252E21A4283B0006CD452 /* Info.plist */ = {isa = PBXFileReference; lastKnownFileType = text.plist.xml; path = Info.plist; sourceTree = "<group>"; };
		93E252E31A4283B0006CD452 /* main.m */ = {isa = PBXFileReference; lastKnownFileType = sourcecode.c.objc; path = main.m; sourceTree = "<group>"; };
		93E252E51A4283B0006CD452 /* AppDelegate.h */ = {isa = PBXFileReference; lastKnownFileType = sourcecode.c.h; path = AppDelegate.h; sourceTree = "<group>"; };
		93E252E61A4283B0006CD452 /* AppDelegate.m */ = {isa = PBXFileReference; lastKnownFileType = sourcecode.c.objc; path = AppDelegate.m; sourceTree = "<group>"; };
		93E252E81A4283B0006CD452 /* ViewController.h */ = {isa = PBXFileReference; lastKnownFileType = sourcecode.c.h; path = ViewController.h; sourceTree = "<group>"; };
		93E252E91A4283B0006CD452 /* ViewController.m */ = {isa = PBXFileReference; lastKnownFileType = sourcecode.c.objc; path = ViewController.m; sourceTree = "<group>"; };
		93E252EC1A4283B0006CD452 /* Base */ = {isa = PBXFileReference; lastKnownFileType = file.storyboard; name = Base; path = Base.lproj/Main.storyboard; sourceTree = "<group>"; };
		93E252EE1A4283B0006CD452 /* Images.xcassets */ = {isa = PBXFileReference; lastKnownFileType = folder.assetcatalog; path = Images.xcassets; sourceTree = "<group>"; };
		93E252F11A4283B0006CD452 /* Base */ = {isa = PBXFileReference; lastKnownFileType = file.xib; name = Base; path = Base.lproj/LaunchScreen.xib; sourceTree = "<group>"; };
		93E252F71A4283B1006CD452 /* BlocstagramTests.xctest */ = {isa = PBXFileReference; explicitFileType = wrapper.cfbundle; includeInIndex = 0; path = BlocstagramTests.xctest; sourceTree = BUILT_PRODUCTS_DIR; };
		93E252FC1A4283B1006CD452 /* Info.plist */ = {isa = PBXFileReference; lastKnownFileType = text.plist.xml; path = Info.plist; sourceTree = "<group>"; };
		93E252FD1A4283B1006CD452 /* BlocstagramTests.m */ = {isa = PBXFileReference; lastKnownFileType = sourcecode.c.objc; path = BlocstagramTests.m; sourceTree = "<group>"; };
/* End PBXFileReference section */

/* Begin PBXFrameworksBuildPhase section */
		93E252DB1A4283B0006CD452 /* Frameworks */ = {
			isa = PBXFrameworksBuildPhase;
			buildActionMask = 2147483647;
			files = (
			);
			runOnlyForDeploymentPostprocessing = 0;
		};
		93E252F41A4283B1006CD452 /* Frameworks */ = {
			isa = PBXFrameworksBuildPhase;
			buildActionMask = 2147483647;
			files = (
			);
			runOnlyForDeploymentPostprocessing = 0;
		};
/* End PBXFrameworksBuildPhase section */

/* Begin PBXGroup section */
		93E252D51A4283B0006CD452 = {
			isa = PBXGroup;
			children = (
				93E252E01A4283B0006CD452 /* Blocstagram */,
				93E252FA1A4283B1006CD452 /* BlocstagramTests */,
				93E252DF1A4283B0006CD452 /* Products */,
			);
			sourceTree = "<group>";
		};
		93E252DF1A4283B0006CD452 /* Products */ = {
			isa = PBXGroup;
			children = (
				93E252DE1A4283B0006CD452 /* Blocstagram.app */,
				93E252F71A4283B1006CD452 /* BlocstagramTests.xctest */,
			);
			name = Products;
			sourceTree = "<group>";
		};
		93E252E01A4283B0006CD452 /* Blocstagram */ = {
			isa = PBXGroup;
			children = (
				93E252E51A4283B0006CD452 /* AppDelegate.h */,
				93E252E61A4283B0006CD452 /* AppDelegate.m */,
				93E252E81A4283B0006CD452 /* ViewController.h */,
				93E252E91A4283B0006CD452 /* ViewController.m */,
				93E252EB1A4283B0006CD452 /* Main.storyboard */,
				93E252EE1A4283B0006CD452 /* Images.xcassets */,
				93E252F01A4283B0006CD452 /* LaunchScreen.xib */,
				93E252E11A4283B0006CD452 /* Supporting Files */,
			);
			path = Blocstagram;
			sourceTree = "<group>";
		};
		93E252E11A4283B0006CD452 /* Supporting Files */ = {
			isa = PBXGroup;
			children = (
				93E252E21A4283B0006CD452 /* Info.plist */,
				93E252E31A4283B0006CD452 /* main.m */,
			);
			name = "Supporting Files";
			sourceTree = "<group>";
		};
		93E252FA1A4283B1006CD452 /* BlocstagramTests */ = {
			isa = PBXGroup;
			children = (
				93E252FD1A4283B1006CD452 /* BlocstagramTests.m */,
				93E252FB1A4283B1006CD452 /* Supporting Files */,
			);
			path = BlocstagramTests;
			sourceTree = "<group>";
		};
		93E252FB1A4283B1006CD452 /* Supporting Files */ = {
			isa = PBXGroup;
			children = (
				93E252FC1A4283B1006CD452 /* Info.plist */,
			);
			name = "Supporting Files";
			sourceTree = "<group>";
		};
/* End PBXGroup section */

/* Begin PBXNativeTarget section */
		93E252DD1A4283B0006CD452 /* Blocstagram */ = {
			isa = PBXNativeTarget;
			buildConfigurationList = 93E253011A4283B1006CD452 /* Build configuration list for PBXNativeTarget "Blocstagram" */;
			buildPhases = (
				93E252DA1A4283B0006CD452 /* Sources */,
				93E252DB1A4283B0006CD452 /* Frameworks */,
				93E252DC1A4283B0006CD452 /* Resources */,
			);
			buildRules = (
			);
			dependencies = (
			);
			name = Blocstagram;
			productName = Blocstagram;
			productReference = 93E252DE1A4283B0006CD452 /* Blocstagram.app */;
			productType = "com.apple.product-type.application";
		};
		93E252F61A4283B1006CD452 /* BlocstagramTests */ = {
			isa = PBXNativeTarget;
			buildConfigurationList = 93E253041A4283B1006CD452 /* Build configuration list for PBXNativeTarget "BlocstagramTests" */;
			buildPhases = (
				93E252F31A4283B1006CD452 /* Sources */,
				93E252F41A4283B1006CD452 /* Frameworks */,
				93E252F51A4283B1006CD452 /* Resources */,
			);
			buildRules = (
			);
			dependencies = (
				93E252F91A4283B1006CD452 /* PBXTargetDependency */,
			);
			name = BlocstagramTests;
			productName = BlocstagramTests;
			productReference = 93E252F71A4283B1006CD452 /* BlocstagramTests.xctest */;
			productType = "com.apple.product-type.bundle.unit-test";
		};
/* End PBXNativeTarget section */

/* Begin PBXProject section */
		93E252D61A4283B0006CD452 /* Project object */ = {
			isa = PBXProject;
			attributes = {
				LastUpgradeCheck = 0610;
				ORGANIZATIONNAME = Bloc;
				TargetAttributes = {
					93E252DD1A4283B0006CD452 = {
						CreatedOnToolsVersion = 6.1.1;
					};
					93E252F61A4283B1006CD452 = {
						CreatedOnToolsVersion = 6.1.1;
						TestTargetID = 93E252DD1A4283B0006CD452;
					};
				};
			};
			buildConfigurationList = 93E252D91A4283B0006CD452 /* Build configuration list for PBXProject "Blocstagram" */;
			compatibilityVersion = "Xcode 3.2";
			developmentRegion = English;
			hasScannedForEncodings = 0;
			knownRegions = (
				en,
				Base,
			);
			mainGroup = 93E252D51A4283B0006CD452;
			productRefGroup = 93E252DF1A4283B0006CD452 /* Products */;
			projectDirPath = "";
			projectRoot = "";
			targets = (
				93E252DD1A4283B0006CD452 /* Blocstagram */,
				93E252F61A4283B1006CD452 /* BlocstagramTests */,
			);
		};
/* End PBXProject section */

/* Begin PBXResourcesBuildPhase section */
		93E252DC1A4283B0006CD452 /* Resources */ = {
			isa = PBXResourcesBuildPhase;
			buildActionMask = 2147483647;
			files = (
				93E252ED1A4283B0006CD452 /* Main.storyboard in Resources */,
				93E252F21A4283B0006CD452 /* LaunchScreen.xib in Resources */,
				93E252EF1A4283B0006CD452 /* Images.xcassets in Resources */,
			);
			runOnlyForDeploymentPostprocessing = 0;
		};
		93E252F51A4283B1006CD452 /* Resources */ = {
			isa = PBXResourcesBuildPhase;
			buildActionMask = 2147483647;
			files = (
			);
			runOnlyForDeploymentPostprocessing = 0;
		};
/* End PBXResourcesBuildPhase section */

/* Begin PBXSourcesBuildPhase section */
		93E252DA1A4283B0006CD452 /* Sources */ = {
			isa = PBXSourcesBuildPhase;
			buildActionMask = 2147483647;
			files = (
				93E252EA1A4283B0006CD452 /* ViewController.m in Sources */,
				93E252E71A4283B0006CD452 /* AppDelegate.m in Sources */,
				93E252E41A4283B0006CD452 /* main.m in Sources */,
			);
			runOnlyForDeploymentPostprocessing = 0;
		};
		93E252F31A4283B1006CD452 /* Sources */ = {
			isa = PBXSourcesBuildPhase;
			buildActionMask = 2147483647;
			files = (
				93E252FE1A4283B1006CD452 /* BlocstagramTests.m in Sources */,
			);
			runOnlyForDeploymentPostprocessing = 0;
		};
/* End PBXSourcesBuildPhase section */

/* Begin PBXTargetDependency section */
		93E252F91A4283B1006CD452 /* PBXTargetDependency */ = {
			isa = PBXTargetDependency;
			target = 93E252DD1A4283B0006CD452 /* Blocstagram */;
			targetProxy = 93E252F81A4283B1006CD452 /* PBXContainerItemProxy */;
		};
/* End PBXTargetDependency section */

/* Begin PBXVariantGroup section */
		93E252EB1A4283B0006CD452 /* Main.storyboard */ = {
			isa = PBXVariantGroup;
			children = (
				93E252EC1A4283B0006CD452 /* Base */,
			);
			name = Main.storyboard;
			sourceTree = "<group>";
		};
		93E252F01A4283B0006CD452 /* LaunchScreen.xib */ = {
			isa = PBXVariantGroup;
			children = (
				93E252F11A4283B0006CD452 /* Base */,
			);
			name = LaunchScreen.xib;
			sourceTree = "<group>";
		};
/* End PBXVariantGroup section */

/* Begin XCBuildConfiguration section */
		93E252FF1A4283B1006CD452 /* Debug */ = {
			isa = XCBuildConfiguration;
			buildSettings = {
				ALWAYS_SEARCH_USER_PATHS = NO;
				CLANG_CXX_LANGUAGE_STANDARD = "gnu++0x";
				CLANG_CXX_LIBRARY = "libc++";
				CLANG_ENABLE_MODULES = YES;
				CLANG_ENABLE_OBJC_ARC = YES;
				CLANG_WARN_BOOL_CONVERSION = YES;
				CLANG_WARN_CONSTANT_CONVERSION = YES;
				CLANG_WARN_DIRECT_OBJC_ISA_USAGE = YES_ERROR;
				CLANG_WARN_EMPTY_BODY = YES;
				CLANG_WARN_ENUM_CONVERSION = YES;
				CLANG_WARN_INT_CONVERSION = YES;
				CLANG_WARN_OBJC_ROOT_CLASS = YES_ERROR;
				CLANG_WARN_UNREACHABLE_CODE = YES;
				CLANG_WARN__DUPLICATE_METHOD_MATCH = YES;
				"CODE_SIGN_IDENTITY[sdk=iphoneos*]" = "iPhone Developer";
				COPY_PHASE_STRIP = NO;
				ENABLE_STRICT_OBJC_MSGSEND = YES;
				GCC_C_LANGUAGE_STANDARD = gnu99;
				GCC_DYNAMIC_NO_PIC = NO;
				GCC_OPTIMIZATION_LEVEL = 0;
				GCC_PREPROCESSOR_DEFINITIONS = (
					"DEBUG=1",
					"$(inherited)",
				);
				GCC_SYMBOLS_PRIVATE_EXTERN = NO;
				GCC_WARN_64_TO_32_BIT_CONVERSION = YES;
				GCC_WARN_ABOUT_RETURN_TYPE = YES_ERROR;
				GCC_WARN_UNDECLARED_SELECTOR = YES;
				GCC_WARN_UNINITIALIZED_AUTOS = YES_AGGRESSIVE;
				GCC_WARN_UNUSED_FUNCTION = YES;
				GCC_WARN_UNUSED_VARIABLE = YES;
				IPHONEOS_DEPLOYMENT_TARGET = 8.1;
				MTL_ENABLE_DEBUG_INFO = YES;
				ONLY_ACTIVE_ARCH = YES;
				SDKROOT = iphoneos;
				TARGETED_DEVICE_FAMILY = "1,2";
			};
			name = Debug;
		};
		93E253001A4283B1006CD452 /* Release */ = {
			isa = XCBuildConfiguration;
			buildSettings = {
				ALWAYS_SEARCH_USER_PATHS = NO;
				CLANG_CXX_LANGUAGE_STANDARD = "gnu++0x";
				CLANG_CXX_LIBRARY = "libc++";
				CLANG_ENABLE_MODULES = YES;
				CLANG_ENABLE_OBJC_ARC = YES;
				CLANG_WARN_BOOL_CONVERSION = YES;
				CLANG_WARN_CONSTANT_CONVERSION = YES;
				CLANG_WARN_DIRECT_OBJC_ISA_USAGE = YES_ERROR;
				CLANG_WARN_EMPTY_BODY = YES;
				CLANG_WARN_ENUM_CONVERSION = YES;
				CLANG_WARN_INT_CONVERSION = YES;
				CLANG_WARN_OBJC_ROOT_CLASS = YES_ERROR;
				CLANG_WARN_UNREACHABLE_CODE = YES;
				CLANG_WARN__DUPLICATE_METHOD_MATCH = YES;
				"CODE_SIGN_IDENTITY[sdk=iphoneos*]" = "iPhone Developer";
				COPY_PHASE_STRIP = YES;
				ENABLE_NS_ASSERTIONS = NO;
				ENABLE_STRICT_OBJC_MSGSEND = YES;
				GCC_C_LANGUAGE_STANDARD = gnu99;
				GCC_WARN_64_TO_32_BIT_CONVERSION = YES;
				GCC_WARN_ABOUT_RETURN_TYPE = YES_ERROR;
				GCC_WARN_UNDECLARED_SELECTOR = YES;
				GCC_WARN_UNINITIALIZED_AUTOS = YES_AGGRESSIVE;
				GCC_WARN_UNUSED_FUNCTION = YES;
				GCC_WARN_UNUSED_VARIABLE = YES;
				IPHONEOS_DEPLOYMENT_TARGET = 8.1;
				MTL_ENABLE_DEBUG_INFO = NO;
				SDKROOT = iphoneos;
				TARGETED_DEVICE_FAMILY = "1,2";
				VALIDATE_PRODUCT = YES;
			};
			name = Release;
		};
		93E253021A4283B1006CD452 /* Debug */ = {
			isa = XCBuildConfiguration;
			buildSettings = {
				ASSETCATALOG_COMPILER_APPICON_NAME = AppIcon;
				INFOPLIST_FILE = Blocstagram/Info.plist;
				LD_RUNPATH_SEARCH_PATHS = "$(inherited) @executable_path/Frameworks";
				PRODUCT_NAME = "$(TARGET_NAME)";
			};
			name = Debug;
		};
		93E253031A4283B1006CD452 /* Release */ = {
			isa = XCBuildConfiguration;
			buildSettings = {
				ASSETCATALOG_COMPILER_APPICON_NAME = AppIcon;
				INFOPLIST_FILE = Blocstagram/Info.plist;
				LD_RUNPATH_SEARCH_PATHS = "$(inherited) @executable_path/Frameworks";
				PRODUCT_NAME = "$(TARGET_NAME)";
			};
			name = Release;
		};
		93E253051A4283B1006CD452 /* Debug */ = {
			isa = XCBuildConfiguration;
			buildSettings = {
				BUNDLE_LOADER = "$(TEST_HOST)";
				FRAMEWORK_SEARCH_PATHS = (
					"$(SDKROOT)/Developer/Library/Frameworks",
					"$(inherited)",
				);
				GCC_PREPROCESSOR_DEFINITIONS = (
					"DEBUG=1",
					"$(inherited)",
				);
				INFOPLIST_FILE = BlocstagramTests/Info.plist;
				LD_RUNPATH_SEARCH_PATHS = "$(inherited) @executable_path/Frameworks @loader_path/Frameworks";
				PRODUCT_NAME = "$(TARGET_NAME)";
				TEST_HOST = "$(BUILT_PRODUCTS_DIR)/Blocstagram.app/Blocstagram";
			};
			name = Debug;
		};
		93E253061A4283B1006CD452 /* Release */ = {
			isa = XCBuildConfiguration;
			buildSettings = {
				BUNDLE_LOADER = "$(TEST_HOST)";
				FRAMEWORK_SEARCH_PATHS = (
					"$(SDKROOT)/Developer/Library/Frameworks",
					"$(inherited)",
				);
				INFOPLIST_FILE = BlocstagramTests/Info.plist;
				LD_RUNPATH_SEARCH_PATHS = "$(inherited) @executable_path/Frameworks @loader_path/Frameworks";
				PRODUCT_NAME = "$(TARGET_NAME)";
				TEST_HOST = "$(BUILT_PRODUCTS_DIR)/Blocstagram.app/Blocstagram";
			};
			name = Release;
		};
/* End XCBuildConfiguration section */

/* Begin XCConfigurationList section */
		93E252D91A4283B0006CD452 /* Build configuration list for PBXProject "Blocstagram" */ = {
			isa = XCConfigurationList;
			buildConfigurations = (
				93E252FF1A4283B1006CD452 /* Debug */,
				93E253001A4283B1006CD452 /* Release */,
			);
			defaultConfigurationIsVisible = 0;
			defaultConfigurationName = Release;
		};
		93E253011A4283B1006CD452 /* Build configuration list for PBXNativeTarget "Blocstagram" */ = {
			isa = XCConfigurationList;
			buildConfigurations = (
				93E253021A4283B1006CD452 /* Debug */,
				93E253031A4283B1006CD452 /* Release */,
			);
			defaultConfigurationIsVisible = 0;
		};
		93E253041A4283B1006CD452 /* Build configuration list for PBXNativeTarget "BlocstagramTests" */ = {
			isa = XCConfigurationList;
			buildConfigurations = (
				93E253051A4283B1006CD452 /* Debug */,
				93E253061A4283B1006CD452 /* Release */,
			);
			defaultConfigurationIsVisible = 0;
		};
/* End XCConfigurationList section */
	};
	rootObject = 93E252D61A4283B0006CD452 /* Project object */;
}
